{
  "name": "senlabresults",
  "lockfileVersion": 3,
  "requires": true,
  "packages": {
    "": {
      "name": "senlabresults",
      "dependencies": {
        "@netlify/identity": "^0.4.2"
      }
    },
    "node_modules/@netlify/identity": {
      "version": "0.4.2",
      "resolved": "https://registry.npmjs.org/@netlify/identity/-/identity-0.4.2.tgz",
      "integrity": "sha512-hEsczJsV1+kO42z5BaZ/y3AbBHJSf6aZjcXeoIxoRBInGGN7uZKuL5zSHhnj4v+btNKE++/R1A2EUgs3pu7SlQ==",
      "license": "MIT",
      "dependencies": {
        "gotrue-js": "^1.0.1"
      },
      "engines": {
        "node": ">=22"
      }
    },
    "node_modules/gotrue-js": {
      "version": "1.0.1",
      "resolved": "https://registry.npmjs.org/gotrue-js/-/gotrue-js-1.0.1.tgz",
      "integrity": "sha512-ZynwwM4bEo2y5yNWO3/Ynbx1AvQz9ONJSM9tB1jpooAvDPevGdvgeFP3NwM59FAlkd0szSkQRAhjINMkJSDfAQ==",
      "license": "MIT"
    }
  }
}
